<?xml version="1.0" encoding="UTF-8"?>
<Project ToolsVersion="15.0" xmlns="http://schemas.microsoft.com/developer/msbuild/2003">
  <ItemGroup>
    <ClCompile Include="D:\Программирование\Radix\src\core\Main.cpp">
      <Filter>Source Files</Filter>
    </ClCompile>
    <ClCompile Include="D:\Программирование\Radix\src\core\CheckingConnections.cpp">
      <Filter>Source Files</Filter>
    </ClCompile>
    <ClCompile Include="D:\Программирование\Radix\src\core\Initialization.cpp">
      <Filter>Source Files</Filter>
    </ClCompile>
    <ClCompile Include="D:\Программирование\Radix\src\core\Radix.cpp">
      <Filter>Source Files</Filter>
    </ClCompile>
    <ClCompile Include="D:\Программирование\Radix\src\core\Standards.cpp">
      <Filter>Source Files</Filter>
    </ClCompile>
    <ClCompile Include="D:\Программирование\Radix\src\io\Download.cpp">
      <Filter>Source Files</Filter>
    </ClCompile>
    <ClCompile Include="D:\Программирование\Radix\src\io\Ip.cpp">
      <Filter>Source Files</Filter>
    </ClCompile>
    <ClCompile Include="D:\Программирование\Radix\src\io\Logger.cpp">
      <Filter>Source Files</Filter>
    </ClCompile>
    <ClCompile Include="D:\Программирование\Radix\src\io\Settings.cpp">
      <Filter>Source Files</Filter>
    </ClCompile>
    <ClCompile Include="D:\Программирование\Radix\src\io\Templates.cpp">
      <Filter>Source Files</Filter>
    </ClCompile>
  </ItemGroup>
  <ItemGroup>
    <ClInclude Include="D:\Программирование\Radix\src\core\CheckingConnections.h">
      <Filter>Header Files</Filter>
    </ClInclude>
    <ClInclude Include="D:\Программирование\Radix\src\core\Constants.h">
      <Filter>Header Files</Filter>
    </ClInclude>
    <ClInclude Include="D:\Программирование\Radix\src\core\Initialization.h">
      <Filter>Header Files</Filter>
    </ClInclude>
    <ClInclude Include="D:\Программирование\Radix\src\core\Radix.h">
      <Filter>Header Files</Filter>
    </ClInclude>
    <ClInclude Include="D:\Программирование\Radix\src\io\Download.h">
      <Filter>Header Files</Filter>
    </ClInclude>
    <ClInclude Include="D:\Программирование\Radix\src\io\Ip.h">
      <Filter>Header Files</Filter>
    </ClInclude>
    <ClInclude Include="D:\Программирование\Radix\src\io\Logger.h">
      <Filter>Header Files</Filter>
    </ClInclude>
    <ClInclude Include="D:\Программирование\Radix\src\io\Settings.h">
      <Filter>Header Files</Filter>
    </ClInclude>
    <ClInclude Include="D:\Программирование\Radix\src\io\Templates.h">
      <Filter>Header Files</Filter>
    </ClInclude>
  </ItemGroup>
  <ItemGroup>
    <CustomBuild Include="D:\Программирование\Radix\CMakeLists.txt" />
  </ItemGroup>
  <ItemGroup>
    <Filter Include="Source Files">
      <UniqueIdentifier>{6ADC07B8-3D36-31DF-903C-74115A58D226}</UniqueIdentifier>
    </Filter>
    <Filter Include="Header Files">
      <UniqueIdentifier>{0DF4DEF5-EF05-3238-848B-640979638851}</UniqueIdentifier>
    </Filter>
  </ItemGroup>
</Project>
